
Microsoft Visual Studio Solution File, Format Version 12.00
# Visual Studio Version 16
VisualStudioVersion = 16.0.30804.86
MinimumVisualStudioVersion = 10.0.40219.1
Project("{FAE04EC0-301F-11D3-BF4B-00C04F79EFBC}") = "ZTribble", "ZTribble.csproj", "{0560D4C8-965C-4A2D-A4A4-3E2445FF570F}"
EndProject
Global
	GlobalSection(SolutionConfigurationPlatforms) = preSolution
		Debug|Any CPU = Debug|Any CPU
		Release|Any CPU = Release|Any CPU
	EndGlobalSection
	GlobalSection(ProjectConfigurationPlatforms) = postSolution
		{0560D4C8-965C-4A2D-A4A4-3E2445FF570F}.Debug|Any CPU.ActiveCfg = Debug|Any CPU
		{0560D4C8-965C-4A2D-A4A4-3E2445FF570F}.Debug|Any CPU.Build.0 = Debug|Any CPU
		{0560D4C8-965C-4A2D-A4A4-3E2445FF570F}.Release|Any CPU.ActiveCfg = Release|Any CPU
		{0560D4C8-965C-4A2D-A4A4-3E2445FF570F}.Release|Any CPU.Build.0 = Release|Any CPU
	EndGlobalSection
	GlobalSection(SolutionProperties) = preSolution
		HideSolutionNode = FALSE
	EndGlobalSection
	GlobalSection(ExtensibilityGlobals) = postSolution
		SolutionGuid = {EB1FC6AD-C415-4C99-8CAE-D8098382FB6A}
	EndGlobalSection
EndGlobal
